
Microsoft Visual Studio Solution File, Format Version 12.00
# Visual Studio Version 16
VisualStudioVersion = 16.0.30011.22
MinimumVisualStudioVersion = 10.0.40219.1
Project("{FAE04EC0-301F-11D3-BF4B-00C04F79EFBC}") = "casad", "casad.csproj", "{2AE1A8A5-B4C8-4E62-9E64-C2957BA6D2AF}"
EndProject
Global
	GlobalSection(SolutionConfigurationPlatforms) = preSolution
		Debug|Any CPU = Debug|Any CPU
		Release|Any CPU = Release|Any CPU
	EndGlobalSection
	GlobalSection(ProjectConfigurationPlatforms) = postSolution
		{2AE1A8A5-B4C8-4E62-9E64-C2957BA6D2AF}.Debug|Any CPU.ActiveCfg = Debug|Any CPU
		{2AE1A8A5-B4C8-4E62-9E64-C2957BA6D2AF}.Debug|Any CPU.Build.0 = Debug|Any CPU
		{2AE1A8A5-B4C8-4E62-9E64-C2957BA6D2AF}.Release|Any CPU.ActiveCfg = Release|Any CPU
		{2AE1A8A5-B4C8-4E62-9E64-C2957BA6D2AF}.Release|Any CPU.Build.0 = Release|Any CPU
	EndGlobalSection
	GlobalSection(SolutionProperties) = preSolution
		HideSolutionNode = FALSE
	EndGlobalSection
	GlobalSection(ExtensibilityGlobals) = postSolution
		SolutionGuid = {E643F0AD-06C0-48AA-AAC5-2E4F75BEFBF0}
	EndGlobalSection
EndGlobal
